
Microsoft Visual Studio Solution File, Format Version 12.00
# Visual Studio Version 16
VisualStudioVersion = 16.0.30804.86
MinimumVisualStudioVersion = 10.0.40219.1
Project("{FAE04EC0-301F-11D3-BF4B-00C04F79EFBC}") = "Magazin", "Magazin\Magazin.csproj", "{547F9ACE-1BCD-4466-9475-D9CBAA7012F9}"
EndProject
Global
	GlobalSection(SolutionConfigurationPlatforms) = preSolution
		Debug|Any CPU = Debug|Any CPU
		Release|Any CPU = Release|Any CPU
	EndGlobalSection
	GlobalSection(ProjectConfigurationPlatforms) = postSolution
		{547F9ACE-1BCD-4466-9475-D9CBAA7012F9}.Debug|Any CPU.ActiveCfg = Debug|Any CPU
		{547F9ACE-1BCD-4466-9475-D9CBAA7012F9}.Debug|Any CPU.Build.0 = Debug|Any CPU
		{547F9ACE-1BCD-4466-9475-D9CBAA7012F9}.Release|Any CPU.ActiveCfg = Release|Any CPU
		{547F9ACE-1BCD-4466-9475-D9CBAA7012F9}.Release|Any CPU.Build.0 = Release|Any CPU
	EndGlobalSection
	GlobalSection(SolutionProperties) = preSolution
		HideSolutionNode = FALSE
	EndGlobalSection
	GlobalSection(ExtensibilityGlobals) = postSolution
		SolutionGuid = {94679F2B-B45F-49A7-9925-6DD4492CC168}
	EndGlobalSection
EndGlobal
